
Microsoft Visual Studio Solution File, Format Version 12.00
# Visual Studio Version 17
VisualStudioVersion = 17.8.34525.116
MinimumVisualStudioVersion = 10.0.40219.1
Project("{FAE04EC0-301F-11D3-BF4B-00C04F79EFBC}") = "ConsoleAppDespesas", "ConsoleAppDespesas\ConsoleAppDespesas.csproj", "{5424410F-0AC9-438C-AF99-DA185F9E9882}"
EndProject
Global
	GlobalSection(SolutionConfigurationPlatforms) = preSolution
		Debug|Any CPU = Debug|Any CPU
		Release|Any CPU = Release|Any CPU
	EndGlobalSection
	GlobalSection(ProjectConfigurationPlatforms) = postSolution
		{5424410F-0AC9-438C-AF99-DA185F9E9882}.Debug|Any CPU.ActiveCfg = Debug|Any CPU
		{5424410F-0AC9-438C-AF99-DA185F9E9882}.Debug|Any CPU.Build.0 = Debug|Any CPU
		{5424410F-0AC9-438C-AF99-DA185F9E9882}.Release|Any CPU.ActiveCfg = Release|Any CPU
		{5424410F-0AC9-438C-AF99-DA185F9E9882}.Release|Any CPU.Build.0 = Release|Any CPU
	EndGlobalSection
	GlobalSection(SolutionProperties) = preSolution
		HideSolutionNode = FALSE
	EndGlobalSection
	GlobalSection(ExtensibilityGlobals) = postSolution
		SolutionGuid = {314A1EF2-D36C-4039-AD54-B7FA47B4C9D8}
	EndGlobalSection
EndGlobal
